# Generated by pub
# See https://dart.dev/tools/pub/glossary#lockfile
packages:
  async:
    dependency: transitive
    description:
      name: async
      sha256: "947bfcf187f74dbc5e146c9eb9c0f10c9f8b30743e341481c1e2ed3ecc18c20c"
      url: "https://pub.dev"
    source: hosted
    version: "2.11.0"
  barcode_scan:
    dependency: "direct main"
    description:
      name: barcode_scan
      sha256: "4e5dc76de387276eac1dc05f26a6eee64dd78008c01ddd891dea3f58b564be14"
      url: "https://pub.dev"
    source: hosted
    version: "3.0.1"
  charcode:
    dependency: transitive
    description:
      name: charcode
      sha256: abac3bd18780f688ff2b93914f7ed2d4e9405835cbed1f09298ef65e278f23a2
      url: "https://pub.dev"
    source: hosted
    version: "1.1.3"
  cloud_firestore:
    dependency: "direct main"
    description:
      name: cloud_firestore
      sha256: "48776c8d9acaa2cf1cae362b42fe88d73bf3c9e54e005d8f51737cb50f79c77a"
      url: "https://pub.dev"
    source: hosted
    version: "0.13.6"
  cloud_firestore_platform_interface:
    dependency: transitive
    description:
      name: cloud_firestore_platform_interface
      sha256: fcee07afde6d92d3962de896f1eb84421da9f967acbf2ec7715e3856800a595e
      url: "https://pub.dev"
    source: hosted
    version: "1.1.2"
  cloud_firestore_web:
    dependency: transitive
    description:
      name: cloud_firestore_web
      sha256: "84f1cda13ea742dedd1e0bcee8217f5f8e43c5b16f700e3f600c8592ce5c8970"
      url: "https://pub.dev"
    source: hosted
    version: "0.1.1+2"
  collection:
    dependency: transitive
    description:
      name: collection
      sha256: ee67cb0715911d28db6bf4af1026078bd6f0128b07a5f66fb2ed94ec6783c09a
      url: "https://pub.dev"
    source: hosted
    version: "1.18.0"
  convert:
    dependency: transitive
    description:
      name: convert
      sha256: "3fa83bc417e26f1d55814443a603747d48e3cdf55b2f4fea27dea8e9224dcefd"
      url: "https://pub.dev"
    source: hosted
    version: "2.1.1"
  crypto:
    dependency: transitive
    description:
      name: crypto
      sha256: "9573b41053730155edbc2b883717c467648de3f1fe74171d62ca7b9c899014ec"
      url: "https://pub.dev"
    source: hosted
    version: "2.1.4"
  cupertino_icons:
    dependency: "direct main"
    description:
      name: cupertino_icons
      sha256: a937da4c006989739ceb4d10e3bd6cce64ca85d0fe287fc5b2b9f6ee757dcee6
      url: "https://pub.dev"
    source: hosted
    version: "0.1.3"
  file:
    dependency: transitive
    description:
      name: file
      sha256: "657a39c74f63d20c2118455e568b33ee31aa370f258c261888cae4e934371199"
      url: "https://pub.dev"
    source: hosted
    version: "5.1.0"
  file_picker:
    dependency: "direct main"
    description:
      name: file_picker
      sha256: "711e9bcb90bb08b7af6ef711ca7b74e0626bedb4300482fb53b0fe927b2ae02d"
      url: "https://pub.dev"
    source: hosted
    version: "1.12.0"
  file_picker_platform_interface:
    dependency: transitive
    description:
      name: file_picker_platform_interface
      sha256: ff068bf75e0bc06b2d408f87a0746d79de58f08d3c711d90c7489b7f77e59ecb
      url: "https://pub.dev"
    source: hosted
    version: "1.2.0"
  firebase:
    dependency: transitive
    description:
      name: firebase
      sha256: "94020b2ffa27394120d98db3abd39f94ec28fdeb5038d97acfe2c5652a60cb35"
      url: "https://pub.dev"
    source: hosted
    version: "7.3.0"
  firebase_auth:
    dependency: "direct main"
    description:
      name: firebase_auth
      sha256: "7f1d47ab9c1481b38c2e72467743eb82263c4dc283e83856dee00f0acfee76a5"
      url: "https://pub.dev"
    source: hosted
    version: "0.14.0+9"
  firebase_core:
    dependency: transitive
    description:
      name: firebase_core
      sha256: d523a54af2fbce89ea63fd867c16c6d4aee8d9f220f0c8d0477d8458e882e1b4
      url: "https://pub.dev"
    source: hosted
    version: "0.4.5"
  firebase_core_platform_interface:
    dependency: transitive
    description:
      name: firebase_core_platform_interface
      sha256: fc3a2f1ea9d234ddc0fc2700cc943be09a4e332403491b1cf2f082a47b2e306b
      url: "https://pub.dev"
    source: hosted
    version: "1.0.4"
  firebase_core_web:
    dependency: transitive
    description:
      name: firebase_core_web
      sha256: "6306ab08d30b386e73d8af1d41f93bf59814f96850f527166f324125e600ea4c"
      url: "https://pub.dev"
    source: hosted
    version: "0.1.1+2"
  firebase_database:
    dependency: "direct main"
    description:
      name: firebase_database
      sha256: "8835a9fb1e8c199456e502adb6b7d4054434d2bd8f028256233aada6dadb35b9"
      url: "https://pub.dev"
    source: hosted
    version: "3.1.6"
  firebase_storage:
    dependency: "direct main"
    description:
      name: firebase_storage
      sha256: "9e1a1dec1000beafc918579bd5acda01268ebfa415adda620774aae975b60d0d"
      url: "https://pub.dev"
    source: hosted
    version: "3.1.6"
  fixnum:
    dependency: transitive
    description:
      name: fixnum
      sha256: "3b298dacb1898a8f5fddec19388b899b0f13195066b89fa66391e5e92f6c2052"
      url: "https://pub.dev"
    source: hosted
    version: "0.10.11"
  flutter:
    dependency: "direct main"
    description: flutter
    source: sdk
    version: "3.7.12"
  flutter_full_pdf_viewer:
    dependency: "direct main"
    description:
      name: flutter_full_pdf_viewer
      sha256: "829ae4f35cdc5cb917428f3675cd062af664d67944712d7c96772737494a0635"
      url: "https://pub.dev"
    source: hosted
    version: "1.0.6"
  flutter_plugin_android_lifecycle:
    dependency: transitive
    description:
      name: flutter_plugin_android_lifecycle
      sha256: "09aaed87195fc30f0237c24163043813b3b7679f2b0bef830e2f649a0d1a6086"
      url: "https://pub.dev"
    source: hosted
    version: "1.0.8"
  flutter_rounded_date_picker:
    dependency: "direct main"
    description:
      name: flutter_rounded_date_picker
      sha256: "8b2e2def49e119074281111d147d9ea5babeee1c6449b1e5fa40e4a957bc15cd"
      url: "https://pub.dev"
    source: hosted
    version: "1.0.4"
  flutter_test:
    dependency: "direct dev"
    description: flutter
    source: sdk
    version: "3.7.12"
  flutter_web_plugins:
    dependency: transitive
    description: flutter
    source: sdk
    version: "3.7.12"
  google_fonts:
    dependency: "direct main"
    description:
      name: google_fonts
      sha256: "654053e055ad4c9719630cce32eff8611830ad3f215ea9e4bc0659b085753af7"
      url: "https://pub.dev"
    source: hosted
    version: "1.1.0"
  http:
    dependency: "direct main"
    description:
      name: http
      sha256: "5895291c13fa8a3bd82e76d5627f69e0d85ca6a30dcac95c4ea19a5d555879c2"
      url: "https://pub.dev"
    source: hosted
    version: "0.13.6"
  http_parser:
    dependency: "direct overridden"
    description:
      name: http_parser
      sha256: "2aa08ce0341cc9b354a498388e30986515406668dbcc4f7c950c3e715496693b"
      url: "https://pub.dev"
    source: hosted
    version: "4.0.2"
  image_picker:
    dependency: "direct main"
    description:
      name: image_picker
      sha256: "6eeeccd998616b4ff7920221ae3fa063225f1bc42faa20fd541a019e7fc2bba2"
      url: "https://pub.dev"
    source: hosted
    version: "0.6.7+2"
  image_picker_platform_interface:
    dependency: transitive
    description:
      name: image_picker_platform_interface
      sha256: e688b95efacf26d5aa9205b2c60a382a2c7c200642774100a1b100c950337dff
      url: "https://pub.dev"
    source: hosted
    version: "1.1.0"
  intl:
    dependency: "direct main"
    description:
      name: intl
      sha256: "4691515bb3f68ebbc4776bc97a84d429bb8e8c141a77b5ab988a4b02adb1747a"
      url: "https://pub.dev"
    source: hosted
    version: "0.16.1"
  jiffy:
    dependency: "direct main"
    description:
      name: jiffy
      sha256: "4a8c477460420708e4163a6f52690491881fb7314c6d506d37ff2abf7edef57f"
      url: "https://pub.dev"
    source: hosted
    version: "3.0.1"
  js:
    dependency: transitive
    description:
      name: js
      sha256: e2c83d11970692d58756bac957864eb1f3d4ade99fa6cbaeb1e70fe847813cb6
      url: "https://pub.dev"
    source: hosted
    version: "0.6.2"
  matcher:
    dependency: transitive
    description:
      name: matcher
      sha256: dc850a141ec6bfdb17d5c7f873ff7b473ef0a023ea39e4bf1556410698189675
      url: "https://pub.dev"
    source: hosted
    version: "0.12.8"
  meta:
    dependency: transitive
    description:
      name: meta
      sha256: e3641ec5d63ebf0d9b41bd43201a66e3fc79a65db5f61fc181f04cd27aab950c
      url: "https://pub.dev"
    source: hosted
    version: "1.16.0"
  nested:
    dependency: transitive
    description:
      name: nested
      sha256: d3492747c400f5639b9d7d76a20d73b51581de20f8dab0d861d839e5a8aa6be5
      url: "https://pub.dev"
    source: hosted
    version: "0.0.4"
  path:
    dependency: transitive
    description:
      name: path
      sha256: "8829d8a55c13fc0e37127c29fedf290c102f4e40ae94ada574091fe0ff96c917"
      url: "https://pub.dev"
    source: hosted
    version: "1.8.3"
  path_provider:
    dependency: "direct main"
    description:
      name: path_provider
      sha256: d5aeaf96ca92dc95deeef64d17d01d2e86b847f499e05324ee1a5eaa77d48064
      url: "https://pub.dev"
    source: hosted
    version: "1.6.11"
  path_provider_linux:
    dependency: transitive
    description:
      name: path_provider_linux
      sha256: b9d28d930abb3cea4156e6fe3e0aa1f7683b2f022a4d8f9c8579ebcf49ddac9f
      url: "https://pub.dev"
    source: hosted
    version: "0.0.1+1"
  path_provider_macos:
    dependency: transitive
    description:
      name: path_provider_macos
      sha256: "9e31c23377e3e0d78deaf11e238944568f9c346f306f3591bd040d8fb947cfec"
      url: "https://pub.dev"
    source: hosted
    version: "0.0.4+3"
  path_provider_platform_interface:
    dependency: transitive
    description:
      name: path_provider_platform_interface
      sha256: f034a281145343268e0469af7ae61fedb182c862e06acab7a476f9e378f113d3
      url: "https://pub.dev"
    source: hosted
    version: "1.0.2"
  pedantic:
    dependency: transitive
    description:
      name: pedantic
      sha256: bd877013a0ee53cd774e7b7f3ec1fbd44c94704ff36177f2f20e287228cbe2a2
      url: "https://pub.dev"
    source: hosted
    version: "1.9.0"
  platform:
    dependency: transitive
    description:
      name: platform
      sha256: "2d03e4330ae22fc7fc0dd38c1fc6d0a9dc7ff10d7deea6dbb2583f7e5c053453"
      url: "https://pub.dev"
    source: hosted
    version: "2.2.1"
  platform_detect:
    dependency: transitive
    description:
      name: platform_detect
      sha256: aab1dd0e19af823c0bbfc2d0f364e33abc52bd13be27711fea98bade0fe35213
      url: "https://pub.dev"
    source: hosted
    version: "1.4.0"
  plugin_platform_interface:
    dependency: transitive
    description:
      name: plugin_platform_interface
      sha256: "3c3d17d0012f7388b8beb79a4517cd2f25b66aa09f9f99f9adcaada6ea6f46f1"
      url: "https://pub.dev"
    source: hosted
    version: "1.0.2"
  process:
    dependency: transitive
    description:
      name: process
      sha256: "6ae4895f82db61b3011d9a32517bc9f604c28833cfc765e63dbf134758f6290c"
      url: "https://pub.dev"
    source: hosted
    version: "3.0.13"
  protobuf:
    dependency: transitive
    description:
      name: protobuf
      sha256: "1e1b532aa5467cfcff00cfa6ff597eea78131515cb00991298fb8292ba1f6f12"
      url: "https://pub.dev"
    source: hosted
    version: "1.0.1"
  provider:
    dependency: "direct main"
    description:
      name: provider
      sha256: "8755891481a1cd15f60f02e9f3dbf7f35fe2267992bb6bbc5d43c286016688dd"
      url: "https://pub.dev"
    source: hosted
    version: "4.1.3"
  pub_semver:
    dependency: transitive
    description:
      name: pub_semver
      sha256: "3c51ec0aaeccb85cacfe824816c60e1e3c53da586c64e1166422a906a4f7251c"
      url: "https://pub.dev"
    source: hosted
    version: "1.4.4"
  qr:
    dependency: transitive
    description:
      name: qr
      sha256: "2bfff54e8dd2d035a68bb4d9c8b1f46ff8203dc56e979dfec379a8549b468a49"
      url: "https://pub.dev"
    source: hosted
    version: "1.2.0"
  qr_flutter:
    dependency: "direct main"
    description:
      name: qr_flutter
      sha256: f07b3be0964329d431a779b8eded05fe0fc42eca9b8ed9aca4d777f25eaa370a
      url: "https://pub.dev"
    source: hosted
    version: "3.2.0"
  quiver:
    dependency: transitive
    description:
      name: quiver
      sha256: "16169b1cc79f01d9c47fe05b5670b87cbf7f5cfc77757369f245c36a6ae2b290"
      url: "https://pub.dev"
    source: hosted
    version: "2.1.3"
  shared_preferences:
    dependency: "direct main"
    description:
      name: shared_preferences
      sha256: "4a99663622af62848c7ea52ba3389222db12d9403c89e523a7e40c7826732b81"
      url: "https://pub.dev"
    source: hosted
    version: "0.5.8"
  shared_preferences_linux:
    dependency: transitive
    description:
      name: shared_preferences_linux
      sha256: cf13f7dafe6896b186203b18771c208b2ffb36d3aec977f193a7b88e10f95e1f
      url: "https://pub.dev"
    source: hosted
    version: "0.0.2+1"
  shared_preferences_macos:
    dependency: transitive
    description:
      name: shared_preferences_macos
      sha256: cadb18b3e5b57c8082273e6f5e548b789e2d1626d6bec1441496e594f66bd1ab
      url: "https://pub.dev"
    source: hosted
    version: "0.0.1+10"
  shared_preferences_platform_interface:
    dependency: transitive
    description:
      name: shared_preferences_platform_interface
      sha256: "10958ff09d5b0caaf199fdc436b3433cb9f7491e5f71e4b3d98b451edfee34f4"
      url: "https://pub.dev"
    source: hosted
    version: "1.0.4"
  shared_preferences_web:
    dependency: transitive
    description:
      name: shared_preferences_web
      sha256: "345b8f659aa4aedaabc3665a63f563c62b08dc209dd23304bc155d69ebcd388d"
      url: "https://pub.dev"
    source: hosted
    version: "0.1.2+7"
  source_span:
    dependency: transitive
    description:
      name: source_span
      sha256: "53e943d4206a5e30df338fd4c6e7a077e02254531b138a15aec3bd143c1a8b3c"
      url: "https://pub.dev"
    source: hosted
    version: "1.10.0"
  stack_trace:
    dependency: transitive
    description:
      name: stack_trace
      sha256: "9ed70af2f7c6c51dcc58f0c5336f88bf355064ce644a0af25dfee01a8ed1b61d"
      url: "https://pub.dev"
    source: hosted
    version: "1.9.5"
  string_scanner:
    dependency: transitive
    description:
      name: string_scanner
      sha256: "556692adab6cfa87322a115640c11f13cb77b3f076ddcc5d6ae3c20242bedcde"
      url: "https://pub.dev"
    source: hosted
    version: "1.2.0"
  term_glyph:
    dependency: transitive
    description:
      name: term_glyph
      sha256: a29248a84fbb7c79282b40b8c72a1209db169a2e0542bce341da992fe1bc7e84
      url: "https://pub.dev"
    source: hosted
    version: "1.2.1"
  typed_data:
    dependency: transitive
    description:
      name: typed_data
      sha256: facc8d6582f16042dd49f2463ff1bd6e2c9ef9f3d5da3d9b087e244a7b564b3c
      url: "https://pub.dev"
    source: hosted
    version: "1.3.2"
  url_launcher:
    dependency: "direct main"
    description:
      name: url_launcher
      sha256: d84452cd97cf73ae000fa46eb8d39ed518c1c705ec11cbb4b7ef28b2138de5c6
      url: "https://pub.dev"
    source: hosted
    version: "5.4.11"
  url_launcher_macos:
    dependency: transitive
    description:
      name: url_launcher_macos
      sha256: e7955de2fb835568361c7133df5893c3c616879958eabe2db096fca59d44a717
      url: "https://pub.dev"
    source: hosted
    version: "0.0.1+7"
  url_launcher_platform_interface:
    dependency: transitive
    description:
      name: url_launcher_platform_interface
      sha256: ebac9b81d27ff4dc771ee6e3f82a91012268fe988a0c3c1d542f7489aad27a3b
      url: "https://pub.dev"
    source: hosted
    version: "1.0.7"
  url_launcher_web:
    dependency: transitive
    description:
      name: url_launcher_web
      sha256: "723a89a1f081fd22bb45f9a85597479d8493d9530db0146fc2330608d8bda79e"
      url: "https://pub.dev"
    source: hosted
    version: "0.1.1+6"
  xdg_directories:
    dependency: transitive
    description:
      name: xdg_directories
      sha256: "3194513f8795cf8924dfa4caa7fc8470d0685c680e1170ddba1c09608078c434"
      url: "https://pub.dev"
    source: hosted
    version: "0.1.0"
sdks:
  dart: ">=2.19.0 <3.0.0"
  flutter: ">=1.17.0"
